DEPENDENCIES
  backuppc-server
    path: .
    metadata: true

GRAPH
  apache2 (1.9.6)
    iptables (>= 0.0.0)
    logrotate (>= 0.0.0)
    pacman (>= 0.0.0)
  backuppc-server (0.1.0)
    apache2 (~> 1.9.6)
    build-essential (~> 1.4.4)
    perl (~> 1.2.2)
    postfix (~> 3.1.4)
    sudo (~> 2.5.2)
  build-essential (1.4.4)
  iptables (0.12.0)
  logrotate (1.5.0)
  pacman (1.1.1)
  perl (1.2.2)
  postfix (3.1.4)
  sudo (2.5.2)
